
Microsoft Visual Studio Solution File, Format Version 12.00
# Visual Studio Version 17
VisualStudioVersion = 17.7.34009.444
MinimumVisualStudioVersion = 10.0.40219.1
Project("{2150E333-8FDC-42A3-9474-1A3956D46DE8}") = "src", "src", "{A93A7F1E-6466-4765-819E-E79564BF079E}"
EndProject
Project("{2150E333-8FDC-42A3-9474-1A3956D46DE8}") = "NFL", "NFL", "{6384BC35-1259-41D0-BC2A-3B566A4377B0}"
EndProject
Project("{2150E333-8FDC-42A3-9474-1A3956D46DE8}") = "NBA", "NBA", "{44ECF98F-7F28-4E01-AF89-1EAEA9B42B5C}"
EndProject
Project("{2150E333-8FDC-42A3-9474-1A3956D46DE8}") = "Shared", "Shared", "{3F46D3DA-92F4-4CAB-A65C-D2135AFA538B}"
EndProject
Project("{2150E333-8FDC-42A3-9474-1A3956D46DE8}") = "Core", "Core", "{970D41B7-0D10-440E-8F55-E41D69B4F033}"
EndProject
Project("{2150E333-8FDC-42A3-9474-1A3956D46DE8}") = "Services", "Services", "{CDB5A7A6-42DF-494D-8F31-B9660257FEC0}"
EndProject
Project("{9A19103F-16F7-4668-BE54-9A1E7A4F7556}") = "JR.Core", "src\Shared\JR.Core\JR.Core.csproj", "{BB4DBEBC-DF91-4545-B2F5-2FFA6C67DF36}"
EndProject
Project("{9A19103F-16F7-4668-BE54-9A1E7A4F7556}") = "JR.WebAPI.Core", "src\Shared\JR.WebAPI.Core\JR.WebAPI.Core.csproj", "{0D3A7272-5A1A-4E51-AFFE-ED42BF3FB3F6}"
EndProject
Global
	GlobalSection(SolutionConfigurationPlatforms) = preSolution
		Debug|Any CPU = Debug|Any CPU
		Release|Any CPU = Release|Any CPU
	EndGlobalSection
	GlobalSection(ProjectConfigurationPlatforms) = postSolution
		{BB4DBEBC-DF91-4545-B2F5-2FFA6C67DF36}.Debug|Any CPU.ActiveCfg = Debug|Any CPU
		{BB4DBEBC-DF91-4545-B2F5-2FFA6C67DF36}.Debug|Any CPU.Build.0 = Debug|Any CPU
		{BB4DBEBC-DF91-4545-B2F5-2FFA6C67DF36}.Release|Any CPU.ActiveCfg = Release|Any CPU
		{BB4DBEBC-DF91-4545-B2F5-2FFA6C67DF36}.Release|Any CPU.Build.0 = Release|Any CPU
		{0D3A7272-5A1A-4E51-AFFE-ED42BF3FB3F6}.Debug|Any CPU.ActiveCfg = Debug|Any CPU
		{0D3A7272-5A1A-4E51-AFFE-ED42BF3FB3F6}.Debug|Any CPU.Build.0 = Debug|Any CPU
		{0D3A7272-5A1A-4E51-AFFE-ED42BF3FB3F6}.Release|Any CPU.ActiveCfg = Release|Any CPU
		{0D3A7272-5A1A-4E51-AFFE-ED42BF3FB3F6}.Release|Any CPU.Build.0 = Release|Any CPU
	EndGlobalSection
	GlobalSection(SolutionProperties) = preSolution
		HideSolutionNode = FALSE
	EndGlobalSection
	GlobalSection(NestedProjects) = preSolution
		{6384BC35-1259-41D0-BC2A-3B566A4377B0} = {A93A7F1E-6466-4765-819E-E79564BF079E}
		{44ECF98F-7F28-4E01-AF89-1EAEA9B42B5C} = {A93A7F1E-6466-4765-819E-E79564BF079E}
		{3F46D3DA-92F4-4CAB-A65C-D2135AFA538B} = {A93A7F1E-6466-4765-819E-E79564BF079E}
		{970D41B7-0D10-440E-8F55-E41D69B4F033} = {3F46D3DA-92F4-4CAB-A65C-D2135AFA538B}
		{CDB5A7A6-42DF-494D-8F31-B9660257FEC0} = {3F46D3DA-92F4-4CAB-A65C-D2135AFA538B}
		{BB4DBEBC-DF91-4545-B2F5-2FFA6C67DF36} = {970D41B7-0D10-440E-8F55-E41D69B4F033}
		{0D3A7272-5A1A-4E51-AFFE-ED42BF3FB3F6} = {CDB5A7A6-42DF-494D-8F31-B9660257FEC0}
	EndGlobalSection
	GlobalSection(ExtensibilityGlobals) = postSolution
		SolutionGuid = {C8CC017F-1D38-415D-9971-295386EEF831}
	EndGlobalSection
EndGlobal
