
Microsoft Visual Studio Solution File, Format Version 12.00
# Visual Studio Version 17
VisualStudioVersion = 17.7.34009.444
MinimumVisualStudioVersion = 10.0.40219.1
Project("{2150E333-8FDC-42A3-9474-1A3956D46DE8}") = "src", "src", "{A93A7F1E-6466-4765-819E-E79564BF079E}"
EndProject
Project("{2150E333-8FDC-42A3-9474-1A3956D46DE8}") = "NFL", "NFL", "{6384BC35-1259-41D0-BC2A-3B566A4377B0}"
EndProject
Project("{2150E333-8FDC-42A3-9474-1A3956D46DE8}") = "NBA", "NBA", "{44ECF98F-7F28-4E01-AF89-1EAEA9B42B5C}"
EndProject
Project("{2150E333-8FDC-42A3-9474-1A3956D46DE8}") = "Application", "Application", "{AE531A4F-7515-4855-9325-1B0F248B3244}"
EndProject
Project("{2150E333-8FDC-42A3-9474-1A3956D46DE8}") = "Domain", "Domain", "{C0C2A09E-7A90-4D8D-BDA7-0C4BC2CFCADF}"
EndProject
Project("{2150E333-8FDC-42A3-9474-1A3956D46DE8}") = "Infrastructure", "Infrastructure", "{299973E4-C12D-49E9-9D50-70EE66BBCCC0}"
EndProject
Project("{2150E333-8FDC-42A3-9474-1A3956D46DE8}") = "Presentation", "Presentation", "{F4FDDB35-3BBD-4BBB-8508-C206DC0F1CCE}"
EndProject
Project("{2150E333-8FDC-42A3-9474-1A3956D46DE8}") = "Mappings", "Mappings", "{3170F1C8-EC83-4ACE-BBEA-F55911A67C60}"
EndProject
Project("{2150E333-8FDC-42A3-9474-1A3956D46DE8}") = "Data", "Data", "{4BCACD27-7845-4B90-9F54-87DF5F854BE5}"
EndProject
Project("{2150E333-8FDC-42A3-9474-1A3956D46DE8}") = "Migration", "Migration", "{77868D55-2A8A-4A27-AEF4-0EFB7549C66B}"
EndProject
Project("{2150E333-8FDC-42A3-9474-1A3956D46DE8}") = "Integration", "Integration", "{7142A64A-DB53-491B-89BB-3B46F5E4DB33}"
EndProject
Project("{9A19103F-16F7-4668-BE54-9A1E7A4F7556}") = "JR.NFL.API", "src\NFL\JR.NFL.API\JR.NFL.API.csproj", "{8B60FCE0-CF42-42F8-A632-2213AC5961C0}"
EndProject
Project("{9A19103F-16F7-4668-BE54-9A1E7A4F7556}") = "JR.NFL.Worker", "src\NFL\JR.NFL.Worker\JR.NFL.Worker.csproj", "{215AE8A3-2B03-4159-A3CC-85FDE43DEA4F}"
EndProject
Project("{9A19103F-16F7-4668-BE54-9A1E7A4F7556}") = "JR.NFL.CommandStore", "src\NFL\JR.NFL.CommandStore\JR.NFL.CommandStore.csproj", "{F298EA19-D824-4D1F-B31B-39CE50AD7126}"
EndProject
Project("{9A19103F-16F7-4668-BE54-9A1E7A4F7556}") = "JR.NFL.QueryStore", "src\NFL\JR.NFL.QueryStore\JR.NFL.QueryStore.csproj", "{322F3B73-47C6-40B3-A226-C1CA3BC91BDD}"
EndProject
Project("{9A19103F-16F7-4668-BE54-9A1E7A4F7556}") = "JR.NFL.Domain", "src\NFL\JR.NFL.Domain\JR.NFL.Domain.csproj", "{14180A30-657B-4EAE-8BAE-051FA9B4403D}"
EndProject
Project("{9A19103F-16F7-4668-BE54-9A1E7A4F7556}") = "JR.NFL.Language", "src\NFL\JR.NFL.Language\JR.NFL.Language.csproj", "{72EC8CC3-68D4-4A6D-B6F7-86BAC6861346}"
EndProject
Project("{9A19103F-16F7-4668-BE54-9A1E7A4F7556}") = "JR.NFL.Command", "src\NFL\JR.NFL.Command\JR.NFL.Command.csproj", "{5F2333C5-BB95-437B-94B4-41CFC2F5D377}"
EndProject
Project("{9A19103F-16F7-4668-BE54-9A1E7A4F7556}") = "JR.NFL.Contract", "src\NFL\JR.NFL.Contract\JR.NFL.Contract.csproj", "{39A9588D-1284-4004-BB25-3A054CD42F84}"
EndProject
Project("{9A19103F-16F7-4668-BE54-9A1E7A4F7556}") = "JR.NFL.Query", "src\NFL\JR.NFL.Query\JR.NFL.Query.csproj", "{408F7888-FACE-42B0-B336-3A70B2ACCD44}"
EndProject
Project("{2150E333-8FDC-42A3-9474-1A3956D46DE8}") = "Shared", "Shared", "{3F46D3DA-92F4-4CAB-A65C-D2135AFA538B}"
EndProject
Project("{2150E333-8FDC-42A3-9474-1A3956D46DE8}") = "Core", "Core", "{970D41B7-0D10-440E-8F55-E41D69B4F033}"
EndProject
Project("{2150E333-8FDC-42A3-9474-1A3956D46DE8}") = "Services", "Services", "{CDB5A7A6-42DF-494D-8F31-B9660257FEC0}"
EndProject
Project("{FAE04EC0-301F-11D3-BF4B-00C04F79EFBC}") = "JR.Core", "src\Shared\JR.Core\JR.Core.csproj", "{BB4DBEBC-DF91-4545-B2F5-2FFA6C67DF36}"
EndProject
Project("{FAE04EC0-301F-11D3-BF4B-00C04F79EFBC}") = "JR.WebAPI.Core", "src\Shared\JR.WebAPI.Core\JR.WebAPI.Core.csproj", "{0D3A7272-5A1A-4E51-AFFE-ED42BF3FB3F6}"
EndProject
Global
	GlobalSection(SolutionConfigurationPlatforms) = preSolution
		Debug|Any CPU = Debug|Any CPU
		Release|Any CPU = Release|Any CPU
	EndGlobalSection
	GlobalSection(ProjectConfigurationPlatforms) = postSolution
		{8B60FCE0-CF42-42F8-A632-2213AC5961C0}.Debug|Any CPU.ActiveCfg = Debug|Any CPU
		{8B60FCE0-CF42-42F8-A632-2213AC5961C0}.Debug|Any CPU.Build.0 = Debug|Any CPU
		{8B60FCE0-CF42-42F8-A632-2213AC5961C0}.Release|Any CPU.ActiveCfg = Release|Any CPU
		{8B60FCE0-CF42-42F8-A632-2213AC5961C0}.Release|Any CPU.Build.0 = Release|Any CPU
		{215AE8A3-2B03-4159-A3CC-85FDE43DEA4F}.Debug|Any CPU.ActiveCfg = Debug|Any CPU
		{215AE8A3-2B03-4159-A3CC-85FDE43DEA4F}.Debug|Any CPU.Build.0 = Debug|Any CPU
		{215AE8A3-2B03-4159-A3CC-85FDE43DEA4F}.Release|Any CPU.ActiveCfg = Release|Any CPU
		{215AE8A3-2B03-4159-A3CC-85FDE43DEA4F}.Release|Any CPU.Build.0 = Release|Any CPU
		{F298EA19-D824-4D1F-B31B-39CE50AD7126}.Debug|Any CPU.ActiveCfg = Debug|Any CPU
		{F298EA19-D824-4D1F-B31B-39CE50AD7126}.Debug|Any CPU.Build.0 = Debug|Any CPU
		{F298EA19-D824-4D1F-B31B-39CE50AD7126}.Release|Any CPU.ActiveCfg = Release|Any CPU
		{F298EA19-D824-4D1F-B31B-39CE50AD7126}.Release|Any CPU.Build.0 = Release|Any CPU
		{322F3B73-47C6-40B3-A226-C1CA3BC91BDD}.Debug|Any CPU.ActiveCfg = Debug|Any CPU
		{322F3B73-47C6-40B3-A226-C1CA3BC91BDD}.Debug|Any CPU.Build.0 = Debug|Any CPU
		{322F3B73-47C6-40B3-A226-C1CA3BC91BDD}.Release|Any CPU.ActiveCfg = Release|Any CPU
		{322F3B73-47C6-40B3-A226-C1CA3BC91BDD}.Release|Any CPU.Build.0 = Release|Any CPU
		{14180A30-657B-4EAE-8BAE-051FA9B4403D}.Debug|Any CPU.ActiveCfg = Debug|Any CPU
		{14180A30-657B-4EAE-8BAE-051FA9B4403D}.Debug|Any CPU.Build.0 = Debug|Any CPU
		{14180A30-657B-4EAE-8BAE-051FA9B4403D}.Release|Any CPU.ActiveCfg = Release|Any CPU
		{14180A30-657B-4EAE-8BAE-051FA9B4403D}.Release|Any CPU.Build.0 = Release|Any CPU
		{72EC8CC3-68D4-4A6D-B6F7-86BAC6861346}.Debug|Any CPU.ActiveCfg = Debug|Any CPU
		{72EC8CC3-68D4-4A6D-B6F7-86BAC6861346}.Debug|Any CPU.Build.0 = Debug|Any CPU
		{72EC8CC3-68D4-4A6D-B6F7-86BAC6861346}.Release|Any CPU.ActiveCfg = Release|Any CPU
		{72EC8CC3-68D4-4A6D-B6F7-86BAC6861346}.Release|Any CPU.Build.0 = Release|Any CPU
		{5F2333C5-BB95-437B-94B4-41CFC2F5D377}.Debug|Any CPU.ActiveCfg = Debug|Any CPU
		{5F2333C5-BB95-437B-94B4-41CFC2F5D377}.Debug|Any CPU.Build.0 = Debug|Any CPU
		{5F2333C5-BB95-437B-94B4-41CFC2F5D377}.Release|Any CPU.ActiveCfg = Release|Any CPU
		{5F2333C5-BB95-437B-94B4-41CFC2F5D377}.Release|Any CPU.Build.0 = Release|Any CPU
		{39A9588D-1284-4004-BB25-3A054CD42F84}.Debug|Any CPU.ActiveCfg = Debug|Any CPU
		{39A9588D-1284-4004-BB25-3A054CD42F84}.Debug|Any CPU.Build.0 = Debug|Any CPU
		{39A9588D-1284-4004-BB25-3A054CD42F84}.Release|Any CPU.ActiveCfg = Release|Any CPU
		{39A9588D-1284-4004-BB25-3A054CD42F84}.Release|Any CPU.Build.0 = Release|Any CPU
		{408F7888-FACE-42B0-B336-3A70B2ACCD44}.Debug|Any CPU.ActiveCfg = Debug|Any CPU
		{408F7888-FACE-42B0-B336-3A70B2ACCD44}.Debug|Any CPU.Build.0 = Debug|Any CPU
		{408F7888-FACE-42B0-B336-3A70B2ACCD44}.Release|Any CPU.ActiveCfg = Release|Any CPU
		{408F7888-FACE-42B0-B336-3A70B2ACCD44}.Release|Any CPU.Build.0 = Release|Any CPU
		{BB4DBEBC-DF91-4545-B2F5-2FFA6C67DF36}.Debug|Any CPU.ActiveCfg = Debug|Any CPU
		{BB4DBEBC-DF91-4545-B2F5-2FFA6C67DF36}.Debug|Any CPU.Build.0 = Debug|Any CPU
		{BB4DBEBC-DF91-4545-B2F5-2FFA6C67DF36}.Release|Any CPU.ActiveCfg = Release|Any CPU
		{BB4DBEBC-DF91-4545-B2F5-2FFA6C67DF36}.Release|Any CPU.Build.0 = Release|Any CPU
		{0D3A7272-5A1A-4E51-AFFE-ED42BF3FB3F6}.Debug|Any CPU.ActiveCfg = Debug|Any CPU
		{0D3A7272-5A1A-4E51-AFFE-ED42BF3FB3F6}.Debug|Any CPU.Build.0 = Debug|Any CPU
		{0D3A7272-5A1A-4E51-AFFE-ED42BF3FB3F6}.Release|Any CPU.ActiveCfg = Release|Any CPU
		{0D3A7272-5A1A-4E51-AFFE-ED42BF3FB3F6}.Release|Any CPU.Build.0 = Release|Any CPU
	EndGlobalSection
	GlobalSection(SolutionProperties) = preSolution
		HideSolutionNode = FALSE
	EndGlobalSection
	GlobalSection(NestedProjects) = preSolution
		{6384BC35-1259-41D0-BC2A-3B566A4377B0} = {A93A7F1E-6466-4765-819E-E79564BF079E}
		{44ECF98F-7F28-4E01-AF89-1EAEA9B42B5C} = {A93A7F1E-6466-4765-819E-E79564BF079E}
		{AE531A4F-7515-4855-9325-1B0F248B3244} = {6384BC35-1259-41D0-BC2A-3B566A4377B0}
		{C0C2A09E-7A90-4D8D-BDA7-0C4BC2CFCADF} = {6384BC35-1259-41D0-BC2A-3B566A4377B0}
		{299973E4-C12D-49E9-9D50-70EE66BBCCC0} = {6384BC35-1259-41D0-BC2A-3B566A4377B0}
		{F4FDDB35-3BBD-4BBB-8508-C206DC0F1CCE} = {299973E4-C12D-49E9-9D50-70EE66BBCCC0}
		{3170F1C8-EC83-4ACE-BBEA-F55911A67C60} = {4BCACD27-7845-4B90-9F54-87DF5F854BE5}
		{4BCACD27-7845-4B90-9F54-87DF5F854BE5} = {299973E4-C12D-49E9-9D50-70EE66BBCCC0}
		{77868D55-2A8A-4A27-AEF4-0EFB7549C66B} = {299973E4-C12D-49E9-9D50-70EE66BBCCC0}
		{7142A64A-DB53-491B-89BB-3B46F5E4DB33} = {299973E4-C12D-49E9-9D50-70EE66BBCCC0}
		{8B60FCE0-CF42-42F8-A632-2213AC5961C0} = {F4FDDB35-3BBD-4BBB-8508-C206DC0F1CCE}
		{215AE8A3-2B03-4159-A3CC-85FDE43DEA4F} = {F4FDDB35-3BBD-4BBB-8508-C206DC0F1CCE}
		{F298EA19-D824-4D1F-B31B-39CE50AD7126} = {4BCACD27-7845-4B90-9F54-87DF5F854BE5}
		{322F3B73-47C6-40B3-A226-C1CA3BC91BDD} = {4BCACD27-7845-4B90-9F54-87DF5F854BE5}
		{14180A30-657B-4EAE-8BAE-051FA9B4403D} = {C0C2A09E-7A90-4D8D-BDA7-0C4BC2CFCADF}
		{72EC8CC3-68D4-4A6D-B6F7-86BAC6861346} = {C0C2A09E-7A90-4D8D-BDA7-0C4BC2CFCADF}
		{5F2333C5-BB95-437B-94B4-41CFC2F5D377} = {AE531A4F-7515-4855-9325-1B0F248B3244}
		{39A9588D-1284-4004-BB25-3A054CD42F84} = {AE531A4F-7515-4855-9325-1B0F248B3244}
		{408F7888-FACE-42B0-B336-3A70B2ACCD44} = {AE531A4F-7515-4855-9325-1B0F248B3244}
		{3F46D3DA-92F4-4CAB-A65C-D2135AFA538B} = {A93A7F1E-6466-4765-819E-E79564BF079E}
		{970D41B7-0D10-440E-8F55-E41D69B4F033} = {3F46D3DA-92F4-4CAB-A65C-D2135AFA538B}
		{CDB5A7A6-42DF-494D-8F31-B9660257FEC0} = {3F46D3DA-92F4-4CAB-A65C-D2135AFA538B}
		{BB4DBEBC-DF91-4545-B2F5-2FFA6C67DF36} = {970D41B7-0D10-440E-8F55-E41D69B4F033}
		{0D3A7272-5A1A-4E51-AFFE-ED42BF3FB3F6} = {CDB5A7A6-42DF-494D-8F31-B9660257FEC0}
	EndGlobalSection
	GlobalSection(ExtensibilityGlobals) = postSolution
		SolutionGuid = {C8CC017F-1D38-415D-9971-295386EEF831}
	EndGlobalSection
EndGlobal
